
Microsoft Visual Studio Solution File, Format Version 12.00
# Visual Studio Version 17
VisualStudioVersion = 17.9.34616.47
MinimumVisualStudioVersion = 10.0.40219.1
Project("{FAE04EC0-301F-11D3-BF4B-00C04F79EFBC}") = "stp8", "stp8\stp8.csproj", "{06B0CFEE-9379-4588-9D98-47BBB279BB65}"
EndProject
Project("{FAE04EC0-301F-11D3-BF4B-00C04F79EFBC}") = "UnitTestProject1", "UnitTestProject1\UnitTestProject1.csproj", "{05E72927-0776-4AF2-9FB7-CE49BC5DC0F1}"
EndProject
Global
	GlobalSection(SolutionConfigurationPlatforms) = preSolution
		Debug|Any CPU = Debug|Any CPU
		Release|Any CPU = Release|Any CPU
	EndGlobalSection
	GlobalSection(ProjectConfigurationPlatforms) = postSolution
		{06B0CFEE-9379-4588-9D98-47BBB279BB65}.Debug|Any CPU.ActiveCfg = Debug|Any CPU
		{06B0CFEE-9379-4588-9D98-47BBB279BB65}.Debug|Any CPU.Build.0 = Debug|Any CPU
		{06B0CFEE-9379-4588-9D98-47BBB279BB65}.Release|Any CPU.ActiveCfg = Release|Any CPU
		{06B0CFEE-9379-4588-9D98-47BBB279BB65}.Release|Any CPU.Build.0 = Release|Any CPU
		{05E72927-0776-4AF2-9FB7-CE49BC5DC0F1}.Debug|Any CPU.ActiveCfg = Debug|Any CPU
		{05E72927-0776-4AF2-9FB7-CE49BC5DC0F1}.Debug|Any CPU.Build.0 = Debug|Any CPU
		{05E72927-0776-4AF2-9FB7-CE49BC5DC0F1}.Release|Any CPU.ActiveCfg = Release|Any CPU
		{05E72927-0776-4AF2-9FB7-CE49BC5DC0F1}.Release|Any CPU.Build.0 = Release|Any CPU
	EndGlobalSection
	GlobalSection(SolutionProperties) = preSolution
		HideSolutionNode = FALSE
	EndGlobalSection
	GlobalSection(ExtensibilityGlobals) = postSolution
		SolutionGuid = {CF381103-729E-4187-8B08-C896CD594AB0}
	EndGlobalSection
EndGlobal
